
Microsoft Visual Studio Solution File, Format Version 12.00
# Visual Studio Version 17
VisualStudioVersion = 17.9.34622.214
MinimumVisualStudioVersion = 10.0.40219.1
Project("{9A19103F-16F7-4668-BE54-9A1E7A4F7556}") = "UserService.Api", "UserService\UserService.Api.csproj", "{03D07026-8202-41FA-8673-4823B9988764}"
EndProject
Project("{9A19103F-16F7-4668-BE54-9A1E7A4F7556}") = "RecipeService.Api", "RecipeService\RecipeService.Api.csproj", "{D6D739E2-D2E8-43D7-B621-3B3736879AD4}"
EndProject
Project("{9A19103F-16F7-4668-BE54-9A1E7A4F7556}") = "NotificationService.Api", "NotificationService\NotificationService.Api.csproj", "{3A8E2521-ADD1-49A4-B3F8-A3C45C4D7B53}"
EndProject
Project("{2150E333-8FDC-42A3-9474-1A3956D46DE8}") = "UserService", "UserService", "{4F56D8A0-7BDC-482E-8082-61E9DE4AC867}"
EndProject
Project("{2150E333-8FDC-42A3-9474-1A3956D46DE8}") = "NotificationService", "NotificationService", "{9152B4A3-03C7-412C-B126-3C46157B61D6}"
EndProject
Project("{2150E333-8FDC-42A3-9474-1A3956D46DE8}") = "RecipeService", "RecipeService", "{1B8C7502-0AC0-46E8-BF63-09F7C9F21F83}"
EndProject
Project("{FAE04EC0-301F-11D3-BF4B-00C04F79EFBC}") = "UserService.Domain", "UserService.Domain\UserService.Domain.csproj", "{149D0888-6DBA-48FB-BF47-AAF6BC764840}"
EndProject
Project("{FAE04EC0-301F-11D3-BF4B-00C04F79EFBC}") = "UserService.Infrastructure", "UserService.Infrastructure\UserService.Infrastructure.csproj", "{7559D78A-7A1F-4E92-BA4E-A2C811F5D375}"
EndProject
Project("{FAE04EC0-301F-11D3-BF4B-00C04F79EFBC}") = "UserService.Application", "UserService.Application\UserService.Application.csproj", "{DBAB0B70-CA30-44AB-AB5D-3D71102B6B8C}"
EndProject
Project("{FAE04EC0-301F-11D3-BF4B-00C04F79EFBC}") = "RecipeService.Domain", "RecipeService.Domain\RecipeService.Domain.csproj", "{95E9DFF0-737E-490B-9A4E-0A523D17BAC2}"
EndProject
Project("{FAE04EC0-301F-11D3-BF4B-00C04F79EFBC}") = "RecipeService.Infrastructure", "RecipeService.Infrastructure\RecipeService.Infrastructure.csproj", "{71608541-6650-4B79-B871-D5496C9EB17A}"
EndProject
Project("{FAE04EC0-301F-11D3-BF4B-00C04F79EFBC}") = "RecipeService.Application", "RecipeService.Application\RecipeService.Application.csproj", "{F140B5A3-A3E2-4195-8CEF-273E2F068079}"
EndProject
Project("{FAE04EC0-301F-11D3-BF4B-00C04F79EFBC}") = "NotificationService.Domain", "NotificationService.Domain\NotificationService.Domain.csproj", "{6685E4B1-A10C-41F3-ADAC-2762E71D1A89}"
EndProject
Project("{FAE04EC0-301F-11D3-BF4B-00C04F79EFBC}") = "NotificationService.Application", "NotificationService.Application\NotificationService.Application.csproj", "{C8931F61-65AB-4B09-933C-7521674CCFED}"
EndProject
Project("{FAE04EC0-301F-11D3-BF4B-00C04F79EFBC}") = "NotificationService.Infrastructure", "NotificationService.Infrastructure\NotificationService.Infrastructure.csproj", "{F61F7FCA-BDF1-49F3-A97F-41F9FBB7D5A6}"
EndProject
Project("{2150E333-8FDC-42A3-9474-1A3956D46DE8}") = "src", "src", "{5F912043-3D41-444D-8151-5301C97D1DE4}"
EndProject
Project("{2150E333-8FDC-42A3-9474-1A3956D46DE8}") = "src", "src", "{390F13E5-8F3B-49F0-BFD5-966E6FB61A25}"
EndProject
Project("{2150E333-8FDC-42A3-9474-1A3956D46DE8}") = "src", "src", "{07C9C968-01DB-4070-84D8-2B157A3EE445}"
EndProject
Global
	GlobalSection(SolutionConfigurationPlatforms) = preSolution
		Debug|Any CPU = Debug|Any CPU
		Release|Any CPU = Release|Any CPU
	EndGlobalSection
	GlobalSection(ProjectConfigurationPlatforms) = postSolution
		{03D07026-8202-41FA-8673-4823B9988764}.Debug|Any CPU.ActiveCfg = Debug|Any CPU
		{03D07026-8202-41FA-8673-4823B9988764}.Debug|Any CPU.Build.0 = Debug|Any CPU
		{03D07026-8202-41FA-8673-4823B9988764}.Release|Any CPU.ActiveCfg = Release|Any CPU
		{03D07026-8202-41FA-8673-4823B9988764}.Release|Any CPU.Build.0 = Release|Any CPU
		{D6D739E2-D2E8-43D7-B621-3B3736879AD4}.Debug|Any CPU.ActiveCfg = Debug|Any CPU
		{D6D739E2-D2E8-43D7-B621-3B3736879AD4}.Debug|Any CPU.Build.0 = Debug|Any CPU
		{D6D739E2-D2E8-43D7-B621-3B3736879AD4}.Release|Any CPU.ActiveCfg = Release|Any CPU
		{D6D739E2-D2E8-43D7-B621-3B3736879AD4}.Release|Any CPU.Build.0 = Release|Any CPU
		{3A8E2521-ADD1-49A4-B3F8-A3C45C4D7B53}.Debug|Any CPU.ActiveCfg = Debug|Any CPU
		{3A8E2521-ADD1-49A4-B3F8-A3C45C4D7B53}.Debug|Any CPU.Build.0 = Debug|Any CPU
		{3A8E2521-ADD1-49A4-B3F8-A3C45C4D7B53}.Release|Any CPU.ActiveCfg = Release|Any CPU
		{3A8E2521-ADD1-49A4-B3F8-A3C45C4D7B53}.Release|Any CPU.Build.0 = Release|Any CPU
		{149D0888-6DBA-48FB-BF47-AAF6BC764840}.Debug|Any CPU.ActiveCfg = Debug|Any CPU
		{149D0888-6DBA-48FB-BF47-AAF6BC764840}.Debug|Any CPU.Build.0 = Debug|Any CPU
		{149D0888-6DBA-48FB-BF47-AAF6BC764840}.Release|Any CPU.ActiveCfg = Release|Any CPU
		{149D0888-6DBA-48FB-BF47-AAF6BC764840}.Release|Any CPU.Build.0 = Release|Any CPU
		{7559D78A-7A1F-4E92-BA4E-A2C811F5D375}.Debug|Any CPU.ActiveCfg = Debug|Any CPU
		{7559D78A-7A1F-4E92-BA4E-A2C811F5D375}.Debug|Any CPU.Build.0 = Debug|Any CPU
		{7559D78A-7A1F-4E92-BA4E-A2C811F5D375}.Release|Any CPU.ActiveCfg = Release|Any CPU
		{7559D78A-7A1F-4E92-BA4E-A2C811F5D375}.Release|Any CPU.Build.0 = Release|Any CPU
		{DBAB0B70-CA30-44AB-AB5D-3D71102B6B8C}.Debug|Any CPU.ActiveCfg = Debug|Any CPU
		{DBAB0B70-CA30-44AB-AB5D-3D71102B6B8C}.Debug|Any CPU.Build.0 = Debug|Any CPU
		{DBAB0B70-CA30-44AB-AB5D-3D71102B6B8C}.Release|Any CPU.ActiveCfg = Release|Any CPU
		{DBAB0B70-CA30-44AB-AB5D-3D71102B6B8C}.Release|Any CPU.Build.0 = Release|Any CPU
		{95E9DFF0-737E-490B-9A4E-0A523D17BAC2}.Debug|Any CPU.ActiveCfg = Debug|Any CPU
		{95E9DFF0-737E-490B-9A4E-0A523D17BAC2}.Debug|Any CPU.Build.0 = Debug|Any CPU
		{95E9DFF0-737E-490B-9A4E-0A523D17BAC2}.Release|Any CPU.ActiveCfg = Release|Any CPU
		{95E9DFF0-737E-490B-9A4E-0A523D17BAC2}.Release|Any CPU.Build.0 = Release|Any CPU
		{71608541-6650-4B79-B871-D5496C9EB17A}.Debug|Any CPU.ActiveCfg = Debug|Any CPU
		{71608541-6650-4B79-B871-D5496C9EB17A}.Debug|Any CPU.Build.0 = Debug|Any CPU
		{71608541-6650-4B79-B871-D5496C9EB17A}.Release|Any CPU.ActiveCfg = Release|Any CPU
		{71608541-6650-4B79-B871-D5496C9EB17A}.Release|Any CPU.Build.0 = Release|Any CPU
		{F140B5A3-A3E2-4195-8CEF-273E2F068079}.Debug|Any CPU.ActiveCfg = Debug|Any CPU
		{F140B5A3-A3E2-4195-8CEF-273E2F068079}.Debug|Any CPU.Build.0 = Debug|Any CPU
		{F140B5A3-A3E2-4195-8CEF-273E2F068079}.Release|Any CPU.ActiveCfg = Release|Any CPU
		{F140B5A3-A3E2-4195-8CEF-273E2F068079}.Release|Any CPU.Build.0 = Release|Any CPU
		{6685E4B1-A10C-41F3-ADAC-2762E71D1A89}.Debug|Any CPU.ActiveCfg = Debug|Any CPU
		{6685E4B1-A10C-41F3-ADAC-2762E71D1A89}.Debug|Any CPU.Build.0 = Debug|Any CPU
		{6685E4B1-A10C-41F3-ADAC-2762E71D1A89}.Release|Any CPU.ActiveCfg = Release|Any CPU
		{6685E4B1-A10C-41F3-ADAC-2762E71D1A89}.Release|Any CPU.Build.0 = Release|Any CPU
		{C8931F61-65AB-4B09-933C-7521674CCFED}.Debug|Any CPU.ActiveCfg = Debug|Any CPU
		{C8931F61-65AB-4B09-933C-7521674CCFED}.Debug|Any CPU.Build.0 = Debug|Any CPU
		{C8931F61-65AB-4B09-933C-7521674CCFED}.Release|Any CPU.ActiveCfg = Release|Any CPU
		{C8931F61-65AB-4B09-933C-7521674CCFED}.Release|Any CPU.Build.0 = Release|Any CPU
		{F61F7FCA-BDF1-49F3-A97F-41F9FBB7D5A6}.Debug|Any CPU.ActiveCfg = Debug|Any CPU
		{F61F7FCA-BDF1-49F3-A97F-41F9FBB7D5A6}.Debug|Any CPU.Build.0 = Debug|Any CPU
		{F61F7FCA-BDF1-49F3-A97F-41F9FBB7D5A6}.Release|Any CPU.ActiveCfg = Release|Any CPU
		{F61F7FCA-BDF1-49F3-A97F-41F9FBB7D5A6}.Release|Any CPU.Build.0 = Release|Any CPU
	EndGlobalSection
	GlobalSection(SolutionProperties) = preSolution
		HideSolutionNode = FALSE
	EndGlobalSection
	GlobalSection(NestedProjects) = preSolution
		{03D07026-8202-41FA-8673-4823B9988764} = {07C9C968-01DB-4070-84D8-2B157A3EE445}
		{D6D739E2-D2E8-43D7-B621-3B3736879AD4} = {390F13E5-8F3B-49F0-BFD5-966E6FB61A25}
		{3A8E2521-ADD1-49A4-B3F8-A3C45C4D7B53} = {5F912043-3D41-444D-8151-5301C97D1DE4}
		{149D0888-6DBA-48FB-BF47-AAF6BC764840} = {07C9C968-01DB-4070-84D8-2B157A3EE445}
		{7559D78A-7A1F-4E92-BA4E-A2C811F5D375} = {07C9C968-01DB-4070-84D8-2B157A3EE445}
		{DBAB0B70-CA30-44AB-AB5D-3D71102B6B8C} = {07C9C968-01DB-4070-84D8-2B157A3EE445}
		{95E9DFF0-737E-490B-9A4E-0A523D17BAC2} = {390F13E5-8F3B-49F0-BFD5-966E6FB61A25}
		{71608541-6650-4B79-B871-D5496C9EB17A} = {390F13E5-8F3B-49F0-BFD5-966E6FB61A25}
		{F140B5A3-A3E2-4195-8CEF-273E2F068079} = {390F13E5-8F3B-49F0-BFD5-966E6FB61A25}
		{6685E4B1-A10C-41F3-ADAC-2762E71D1A89} = {5F912043-3D41-444D-8151-5301C97D1DE4}
		{C8931F61-65AB-4B09-933C-7521674CCFED} = {5F912043-3D41-444D-8151-5301C97D1DE4}
		{F61F7FCA-BDF1-49F3-A97F-41F9FBB7D5A6} = {5F912043-3D41-444D-8151-5301C97D1DE4}
		{5F912043-3D41-444D-8151-5301C97D1DE4} = {9152B4A3-03C7-412C-B126-3C46157B61D6}
		{390F13E5-8F3B-49F0-BFD5-966E6FB61A25} = {1B8C7502-0AC0-46E8-BF63-09F7C9F21F83}
		{07C9C968-01DB-4070-84D8-2B157A3EE445} = {4F56D8A0-7BDC-482E-8082-61E9DE4AC867}
	EndGlobalSection
	GlobalSection(ExtensibilityGlobals) = postSolution
		SolutionGuid = {9AB0D445-6394-47FF-9593-DFCDC59137FA}
	EndGlobalSection
EndGlobal
